// !$*UTF8*$!
{
	archiveVersion = 1;
	classes = {
	};
	objectVersion = 48;
	objects = {

/* Begin PBXBuildFile section */
		AF2319AA205544350044DD40 /* AppDelegate.swift in Sources */ = {isa = PBXBuildFile; fileRef = AF2319A9205544350044DD40 /* AppDelegate.swift */; };
		AF2319AC205544350044DD40 /* ViewController.swift in Sources */ = {isa = PBXBuildFile; fileRef = AF2319AB205544350044DD40 /* ViewController.swift */; };
		AF2319AF205544350044DD40 /* Main.storyboard in Resources */ = {isa = PBXBuildFile; fileRef = AF2319AD205544350044DD40 /* Main.storyboard */; };
		AF2319B2205544350044DD40 /* Menu_bars.xcdatamodeld in Sources */ = {isa = PBXBuildFile; fileRef = AF2319B0205544350044DD40 /* Menu_bars.xcdatamodeld */; };
		AF2319B4205544350044DD40 /* Assets.xcassets in Resources */ = {isa = PBXBuildFile; fileRef = AF2319B3205544350044DD40 /* Assets.xcassets */; };
		AF2319B7205544350044DD40 /* LaunchScreen.storyboard in Resources */ = {isa = PBXBuildFile; fileRef = AF2319B5205544350044DD40 /* LaunchScreen.storyboard */; };
/* End PBXBuildFile section */

/* Begin PBXFileReference section */
		AF2319A6205544350044DD40 /* Menu bars.app */ = {isa = PBXFileReference; explicitFileType = wrapper.application; includeInIndex = 0; path = "Menu bars.app"; sourceTree = BUILT_PRODUCTS_DIR; };
		AF2319A9205544350044DD40 /* AppDelegate.swift */ = {isa = PBXFileReference; lastKnownFileType = sourcecode.swift; path = AppDelegate.swift; sourceTree = "<group>"; };
		AF2319AB205544350044DD40 /* ViewController.swift */ = {isa = PBXFileReference; lastKnownFileType = sourcecode.swift; path = ViewController.swift; sourceTree = "<group>"; };
		AF2319AE205544350044DD40 /* Base */ = {isa = PBXFileReference; lastKnownFileType = file.storyboard; name = Base; path = Base.lproj/Main.storyboard; sourceTree = "<group>"; };
		AF2319B1205544350044DD40 /* Menu_bars.xcdatamodel */ = {isa = PBXFileReference; lastKnownFileType = wrapper.xcdatamodel; path = Menu_bars.xcdatamodel; sourceTree = "<group>"; };
		AF2319B3205544350044DD40 /* Assets.xcassets */ = {isa = PBXFileReference; lastKnownFileType = folder.assetcatalog; path = Assets.xcassets; sourceTree = "<group>"; };
		AF2319B6205544350044DD40 /* Base */ = {isa = PBXFileReference; lastKnownFileType = file.storyboard; name = Base; path = Base.lproj/LaunchScreen.storyboard; sourceTree = "<group>"; };
		AF2319B8205544350044DD40 /* Info.plist */ = {isa = PBXFileReference; lastKnownFileType = text.plist.xml; path = Info.plist; sourceTree = "<group>"; };
/* End PBXFileReference section */

/* Begin PBXFrameworksBuildPhase section */
		AF2319A3205544350044DD40 /* Frameworks */ = {
			isa = PBXFrameworksBuildPhase;
			buildActionMask = 2147483647;
			files = (
			);
			runOnlyForDeploymentPostprocessing = 0;
		};
/* End PBXFrameworksBuildPhase section */

/* Begin PBXGroup section */
		AF23199D205544350044DD40 = {
			isa = PBXGroup;
			children = (
				AF2319A8205544350044DD40 /* Menu bars */,
				AF2319A7205544350044DD40 /* Products */,
			);
			sourceTree = "<group>";
		};
		AF2319A7205544350044DD40 /* Products */ = {
			isa = PBXGroup;
			children = (
				AF2319A6205544350044DD40 /* Menu bars.app */,
			);
			name = Products;
			sourceTree = "<group>";
		};
		AF2319A8205544350044DD40 /* Menu bars */ = {
			isa = PBXGroup;
			children = (
				AF2319A9205544350044DD40 /* AppDelegate.swift */,
				AF2319AB205544350044DD40 /* ViewController.swift */,
				AF2319AD205544350044DD40 /* Main.storyboard */,
				AF2319B3205544350044DD40 /* Assets.xcassets */,
				AF2319B5205544350044DD40 /* LaunchScreen.storyboard */,
				AF2319B8205544350044DD40 /* Info.plist */,
				AF2319B0205544350044DD40 /* Menu_bars.xcdatamodeld */,
			);
			path = "Menu bars";
			sourceTree = "<group>";
		};
/* End PBXGroup section */

/* Begin PBXNativeTarget section */
		AF2319A5205544350044DD40 /* Menu bars */ = {
			isa = PBXNativeTarget;
			buildConfigurationList = AF2319BB205544350044DD40 /* Build configuration list for PBXNativeTarget "Menu bars" */;
			buildPhases = (
				AF2319A2205544350044DD40 /* Sources */,
				AF2319A3205544350044DD40 /* Frameworks */,
				AF2319A4205544350044DD40 /* Resources */,
			);
			buildRules = (
			);
			dependencies = (
			);
			name = "Menu bars";
			productName = "Menu bars";
			productReference = AF2319A6205544350044DD40 /* Menu bars.app */;
			productType = "com.apple.product-type.application";
		};
/* End PBXNativeTarget section */

/* Begin PBXProject section */
		AF23199E205544350044DD40 /* Project object */ = {
			isa = PBXProject;
			attributes = {
				LastSwiftUpdateCheck = 0920;
				LastUpgradeCheck = 0920;
				ORGANIZATIONNAME = "Masein Mody";
				TargetAttributes = {
					AF2319A5205544350044DD40 = {
						CreatedOnToolsVersion = 9.2;
						ProvisioningStyle = Automatic;
					};
				};
			};
			buildConfigurationList = AF2319A1205544350044DD40 /* Build configuration list for PBXProject "Menu bars" */;
			compatibilityVersion = "Xcode 8.0";
			developmentRegion = en;
			hasScannedForEncodings = 0;
			knownRegions = (
				en,
				Base,
			);
			mainGroup = AF23199D205544350044DD40;
			productRefGroup = AF2319A7205544350044DD40 /* Products */;
			projectDirPath = "";
			projectRoot = "";
			targets = (
				AF2319A5205544350044DD40 /* Menu bars */,
			);
		};
/* End PBXProject section */

/* Begin PBXResourcesBuildPhase section */
		AF2319A4205544350044DD40 /* Resources */ = {
			isa = PBXResourcesBuildPhase;
			buildActionMask = 2147483647;
			files = (
				AF2319B7205544350044DD40 /* LaunchScreen.storyboard in Resources */,
				AF2319B4205544350044DD40 /* Assets.xcassets in Resources */,
				AF2319AF205544350044DD40 /* Main.storyboard in Resources */,
			);
			runOnlyForDeploymentPostprocessing = 0;
		};
/* End PBXResourcesBuildPhase section */

/* Begin PBXSourcesBuildPhase section */
		AF2319A2205544350044DD40 /* Sources */ = {
			isa = PBXSourcesBuildPhase;
			buildActionMask = 2147483647;
			files = (
				AF2319AC205544350044DD40 /* ViewController.swift in Sources */,
				AF2319AA205544350044DD40 /* AppDelegate.swift in Sources */,
				AF2319B2205544350044DD40 /* Menu_bars.xcdatamodeld in Sources */,
			);
			runOnlyForDeploymentPostprocessing = 0;
		};
/* End PBXSourcesBuildPhase section */

/* Begin PBXVariantGroup section */
		AF2319AD205544350044DD40 /* Main.storyboard */ = {
			isa = PBXVariantGroup;
			children = (
				AF2319AE205544350044DD40 /* Base */,
			);
			name = Main.storyboard;
			sourceTree = "<group>";
		};
		AF2319B5205544350044DD40 /* LaunchScreen.storyboard */ = {
			isa = PBXVariantGroup;
			children = (
				AF2319B6205544350044DD40 /* Base */,
			);
			name = LaunchScreen.storyboard;
			sourceTree = "<group>";
		};
/* End PBXVariantGroup section */

/* Begin XCBuildConfiguration section */
		AF2319B9205544350044DD40 /* Debug */ = {
			isa = XCBuildConfiguration;
			buildSettings = {
				ALWAYS_SEARCH_USER_PATHS = NO;
				CLANG_ANALYZER_NONNULL = YES;
				CLANG_ANALYZER_NUMBER_OBJECT_CONVERSION = YES_AGGRESSIVE;
				CLANG_CXX_LANGUAGE_STANDARD = "gnu++14";
				CLANG_CXX_LIBRARY = "libc++";
				CLANG_ENABLE_MODULES = YES;
				CLANG_ENABLE_OBJC_ARC = YES;
				CLANG_WARN_BLOCK_CAPTURE_AUTORELEASING = YES;
				CLANG_WARN_BOOL_CONVERSION = YES;
				CLANG_WARN_COMMA = YES;
				CLANG_WARN_CONSTANT_CONVERSION = YES;
				CLANG_WARN_DIRECT_OBJC_ISA_USAGE = YES_ERROR;
				CLANG_WARN_DOCUMENTATION_COMMENTS = YES;
				CLANG_WARN_EMPTY_BODY = YES;
				CLANG_WARN_ENUM_CONVERSION = YES;
				CLANG_WARN_INFINITE_RECURSION = YES;
				CLANG_WARN_INT_CONVERSION = YES;
				CLANG_WARN_NON_LITERAL_NULL_CONVERSION = YES;
				CLANG_WARN_OBJC_LITERAL_CONVERSION = YES;
				CLANG_WARN_OBJC_ROOT_CLASS = YES_ERROR;
				CLANG_WARN_RANGE_LOOP_ANALYSIS = YES;
				CLANG_WARN_STRICT_PROTOTYPES = YES;
				CLANG_WARN_SUSPICIOUS_MOVE = YES;
				CLANG_WARN_UNGUARDED_AVAILABILITY = YES_AGGRESSIVE;
				CLANG_WARN_UNREACHABLE_CODE = YES;
				CLANG_WARN__DUPLICATE_METHOD_MATCH = YES;
				CODE_SIGN_IDENTITY = "iPhone Developer";
				COPY_PHASE_STRIP = NO;
				DEBUG_INFORMATION_FORMAT = dwarf;
				ENABLE_STRICT_OBJC_MSGSEND = YES;
				ENABLE_TESTABILITY = YES;
				GCC_C_LANGUAGE_STANDARD = gnu11;
				GCC_DYNAMIC_NO_PIC = NO;
				GCC_NO_COMMON_BLOCKS = YES;
				GCC_OPTIMIZATION_LEVEL = 0;
				GCC_PREPROCESSOR_DEFINITIONS = (
					"DEBUG=1",
					"$(inherited)",
				);
				GCC_WARN_64_TO_32_BIT_CONVERSION = YES;
				GCC_WARN_ABOUT_RETURN_TYPE = YES_ERROR;
				GCC_WARN_UNDECLARED_SELECTOR = YES;
				GCC_WARN_UNINITIALIZED_AUTOS = YES_AGGRESSIVE;
				GCC_WARN_UNUSED_FUNCTION = YES;
				GCC_WARN_UNUSED_VARIABLE = YES;
				IPHONEOS_DEPLOYMENT_TARGET = 11.2;
				MTL_ENABLE_DEBUG_INFO = YES;
				ONLY_ACTIVE_ARCH = YES;
				SDKROOT = iphoneos;
				SWIFT_ACTIVE_COMPILATION_CONDITIONS = DEBUG;
				SWIFT_OPTIMIZATION_LEVEL = "-Onone";
			};
			name = Debug;
		};
		AF2319BA205544350044DD40 /* Release */ = {
			isa = XCBuildConfiguration;
			buildSettings = {
				ALWAYS_SEARCH_USER_PATHS = NO;
				CLANG_ANALYZER_NONNULL = YES;
				CLANG_ANALYZER_NUMBER_OBJECT_CONVERSION = YES_AGGRESSIVE;
				CLANG_CXX_LANGUAGE_STANDARD = "gnu++14";
				CLANG_CXX_LIBRARY = "libc++";
				CLANG_ENABLE_MODULES = YES;
				CLANG_ENABLE_OBJC_ARC = YES;
				CLANG_WARN_BLOCK_CAPTURE_AUTORELEASING = YES;
				CLANG_WARN_BOOL_CONVERSION = YES;
				CLANG_WARN_COMMA = YES;
				CLANG_WARN_CONSTANT_CONVERSION = YES;
				CLANG_WARN_DIRECT_OBJC_ISA_USAGE = YES_ERROR;
				CLANG_WARN_DOCUMENTATION_COMMENTS = YES;
				CLANG_WARN_EMPTY_BODY = YES;
				CLANG_WARN_ENUM_CONVERSION = YES;
				CLANG_WARN_INFINITE_RECURSION = YES;
				CLANG_WARN_INT_CONVERSION = YES;
				CLANG_WARN_NON_LITERAL_NULL_CONVERSION = YES;
				CLANG_WARN_OBJC_LITERAL_CONVERSION = YES;
				CLANG_WARN_OBJC_ROOT_CLASS = YES_ERROR;
				CLANG_WARN_RANGE_LOOP_ANALYSIS = YES;
				CLANG_WARN_STRICT_PROTOTYPES = YES;
				CLANG_WARN_SUSPICIOUS_MOVE = YES;
				CLANG_WARN_UNGUARDED_AVAILABILITY = YES_AGGRESSIVE;
				CLANG_WARN_UNREACHABLE_CODE = YES;
				CLANG_WARN__DUPLICATE_METHOD_MATCH = YES;
				CODE_SIGN_IDENTITY = "iPhone Developer";
				COPY_PHASE_STRIP = NO;
				DEBUG_INFORMATION_FORMAT = "dwarf-with-dsym";
				ENABLE_NS_ASSERTIONS = NO;
				ENABLE_STRICT_OBJC_MSGSEND = YES;
				GCC_C_LANGUAGE_STANDARD = gnu11;
				GCC_NO_COMMON_BLOCKS = YES;
				GCC_WARN_64_TO_32_BIT_CONVERSION = YES;
				GCC_WARN_ABOUT_RETURN_TYPE = YES_ERROR;
				GCC_WARN_UNDECLARED_SELECTOR = YES;
				GCC_WARN_UNINITIALIZED_AUTOS = YES_AGGRESSIVE;
				GCC_WARN_UNUSED_FUNCTION = YES;
				GCC_WARN_UNUSED_VARIABLE = YES;
				IPHONEOS_DEPLOYMENT_TARGET = 11.2;
				MTL_ENABLE_DEBUG_INFO = NO;
				SDKROOT = iphoneos;
				SWIFT_OPTIMIZATION_LEVEL = "-Owholemodule";
				VALIDATE_PRODUCT = YES;
			};
			name = Release;
		};
		AF2319BC205544350044DD40 /* Debug */ = {
			isa = XCBuildConfiguration;
			buildSettings = {
				ASSETCATALOG_COMPILER_APPICON_NAME = AppIcon;
				CODE_SIGN_STYLE = Automatic;
				INFOPLIST_FILE = "Menu bars/Info.plist";
				LD_RUNPATH_SEARCH_PATHS = "$(inherited) @executable_path/Frameworks";
				PRODUCT_BUNDLE_IDENTIFIER = "maseindg.Menu-bars";
				PRODUCT_NAME = "$(TARGET_NAME)";
				SWIFT_VERSION = 4.0;
				TARGETED_DEVICE_FAMILY = "1,2";
			};
			name = Debug;
		};
		AF2319BD205544350044DD40 /* Release */ = {
			isa = XCBuildConfiguration;
			buildSettings = {
				ASSETCATALOG_COMPILER_APPICON_NAME = AppIcon;
				CODE_SIGN_STYLE = Automatic;
				INFOPLIST_FILE = "Menu bars/Info.plist";
				LD_RUNPATH_SEARCH_PATHS = "$(inherited) @executable_path/Frameworks";
				PRODUCT_BUNDLE_IDENTIFIER = "maseindg.Menu-bars";
				PRODUCT_NAME = "$(TARGET_NAME)";
				SWIFT_VERSION = 4.0;
				TARGETED_DEVICE_FAMILY = "1,2";
			};
			name = Release;
		};
/* End XCBuildConfiguration section */

/* Begin XCConfigurationList section */
		AF2319A1205544350044DD40 /* Build configuration list for PBXProject "Menu bars" */ = {
			isa = XCConfigurationList;
			buildConfigurations = (
				AF2319B9205544350044DD40 /* Debug */,
				AF2319BA205544350044DD40 /* Release */,
			);
			defaultConfigurationIsVisible = 0;
			defaultConfigurationName = Release;
		};
		AF2319BB205544350044DD40 /* Build configuration list for PBXNativeTarget "Menu bars" */ = {
			isa = XCConfigurationList;
			buildConfigurations = (
				AF2319BC205544350044DD40 /* Debug */,
				AF2319BD205544350044DD40 /* Release */,
			);
			defaultConfigurationIsVisible = 0;
			defaultConfigurationName = Release;
		};
/* End XCConfigurationList section */

/* Begin XCVersionGroup section */
		AF2319B0205544350044DD40 /* Menu_bars.xcdatamodeld */ = {
			isa = XCVersionGroup;
			children = (
				AF2319B1205544350044DD40 /* Menu_bars.xcdatamodel */,
			);
			currentVersion = AF2319B1205544350044DD40 /* Menu_bars.xcdatamodel */;
			path = Menu_bars.xcdatamodeld;
			sourceTree = "<group>";
			versionGroupType = wrapper.xcdatamodel;
		};
/* End XCVersionGroup section */
	};
	rootObject = AF23199E205544350044DD40 /* Project object */;
}
